
Microsoft Visual Studio Solution File, Format Version 12.00
# Visual Studio 2012
Project("{FAE04EC0-301F-11D3-BF4B-00C04F79EFBC}") = "CachingService", "CachingService\CachingService.csproj", "{608F9917-E535-47E2-A568-88BA02584A51}"
EndProject
Project("{2150E333-8FDC-42A3-9474-1A3956D46DE8}") = "Solution Items", "Solution Items", "{9C8E4D16-E590-40B6-99A9-0B5D0BE40270}"
	ProjectSection(SolutionItems) = preProject
		.gitignore = .gitignore
	EndProjectSection
EndProject
Global
	GlobalSection(SolutionConfigurationPlatforms) = preSolution
		Debug|x86 = Debug|x86
		Release|x86 = Release|x86
	EndGlobalSection
	GlobalSection(ProjectConfigurationPlatforms) = postSolution
		{608F9917-E535-47E2-A568-88BA02584A51}.Debug|x86.ActiveCfg = Debug|x86
		{608F9917-E535-47E2-A568-88BA02584A51}.Debug|x86.Build.0 = Debug|x86
		{608F9917-E535-47E2-A568-88BA02584A51}.Release|x86.ActiveCfg = Release|x86
		{608F9917-E535-47E2-A568-88BA02584A51}.Release|x86.Build.0 = Release|x86
	EndGlobalSection
	GlobalSection(NestedProjects) = preSolution
	EndGlobalSection
EndGlobal
